
Microsoft Visual Studio Solution File, Format Version 12.00
# Visual Studio Version 17
VisualStudioVersion = 17.14.36717.8 d17.14
MinimumVisualStudioVersion = 10.0.40219.1
Project("{FAE04EC0-301F-11D3-BF4B-00C04F79EFBC}") = "Chaos.Api", "Chaos\Chaos.Api.csproj", "{1B5989B0-CF67-42DD-B9AD-738360971856}"
EndProject
Global
	GlobalSection(SolutionConfigurationPlatforms) = preSolution
		Debug|Any CPU = Debug|Any CPU
		Release|Any CPU = Release|Any CPU
	EndGlobalSection
	GlobalSection(ProjectConfigurationPlatforms) = postSolution
		{1B5989B0-CF67-42DD-B9AD-738360971856}.Debug|Any CPU.ActiveCfg = Debug|Any CPU
		{1B5989B0-CF67-42DD-B9AD-738360971856}.Debug|Any CPU.Build.0 = Debug|Any CPU
		{1B5989B0-CF67-42DD-B9AD-738360971856}.Release|Any CPU.ActiveCfg = Release|Any CPU
		{1B5989B0-CF67-42DD-B9AD-738360971856}.Release|Any CPU.Build.0 = Release|Any CPU
	EndGlobalSection
	GlobalSection(SolutionProperties) = preSolution
		HideSolutionNode = FALSE
	EndGlobalSection
	GlobalSection(ExtensibilityGlobals) = postSolution
		SolutionGuid = {D31A2A4D-5142-4E59-88B0-1475D1D2C1AC}
	EndGlobalSection
EndGlobal
